
Microsoft Visual Studio Solution File, Format Version 12.00
# Visual Studio Version 16
VisualStudioVersion = 16.0.32602.291
MinimumVisualStudioVersion = 10.0.40219.1
Project("{FAE04EC0-301F-11D3-BF4B-00C04F79EFBC}") = "Patika_DevAlgoritma", "Patika_DevAlgoritma\Patika_DevAlgoritma.csproj", "{662AABAE-4770-403A-A11A-CB876F98BB78}"
EndProject
Global
	GlobalSection(SolutionConfigurationPlatforms) = preSolution
		Debug|Any CPU = Debug|Any CPU
		Release|Any CPU = Release|Any CPU
	EndGlobalSection
	GlobalSection(ProjectConfigurationPlatforms) = postSolution
		{662AABAE-4770-403A-A11A-CB876F98BB78}.Debug|Any CPU.ActiveCfg = Debug|Any CPU
		{662AABAE-4770-403A-A11A-CB876F98BB78}.Debug|Any CPU.Build.0 = Debug|Any CPU
		{662AABAE-4770-403A-A11A-CB876F98BB78}.Release|Any CPU.ActiveCfg = Release|Any CPU
		{662AABAE-4770-403A-A11A-CB876F98BB78}.Release|Any CPU.Build.0 = Release|Any CPU
	EndGlobalSection
	GlobalSection(SolutionProperties) = preSolution
		HideSolutionNode = FALSE
	EndGlobalSection
	GlobalSection(ExtensibilityGlobals) = postSolution
		SolutionGuid = {ABC28F13-9164-4365-9A81-66DD2BC62BD9}
	EndGlobalSection
EndGlobal
